
Microsoft Visual Studio Solution File, Format Version 12.00
# Visual Studio Version 16
VisualStudioVersion = 16.0.31402.337
MinimumVisualStudioVersion = 10.0.40219.1
Project("{FAE04EC0-301F-11D3-BF4B-00C04F79EFBC}") = "BigSchool", "BigSchool.csproj", "{8BFD5CB3-FD84-4FD3-B1F6-F68EF2580B0B}"
EndProject
Global
	GlobalSection(SolutionConfigurationPlatforms) = preSolution
		Debug|Any CPU = Debug|Any CPU
		Release|Any CPU = Release|Any CPU
	EndGlobalSection
	GlobalSection(ProjectConfigurationPlatforms) = postSolution
		{8BFD5CB3-FD84-4FD3-B1F6-F68EF2580B0B}.Debug|Any CPU.ActiveCfg = Debug|Any CPU
		{8BFD5CB3-FD84-4FD3-B1F6-F68EF2580B0B}.Debug|Any CPU.Build.0 = Debug|Any CPU
		{8BFD5CB3-FD84-4FD3-B1F6-F68EF2580B0B}.Release|Any CPU.ActiveCfg = Release|Any CPU
		{8BFD5CB3-FD84-4FD3-B1F6-F68EF2580B0B}.Release|Any CPU.Build.0 = Release|Any CPU
	EndGlobalSection
	GlobalSection(SolutionProperties) = preSolution
		HideSolutionNode = FALSE
	EndGlobalSection
	GlobalSection(ExtensibilityGlobals) = postSolution
		SolutionGuid = {41444513-D70F-49BA-BE78-475202C7B149}
	EndGlobalSection
EndGlobal
